// !$*UTF8*$!
{
	archiveVersion = 1;
	classes = {
	};
	objectVersion = 46;
	objects = {

/* Begin PBXBuildFile section */
		142486F31C111C8D00592980 /* main.m in Sources */ = {isa = PBXBuildFile; fileRef = 142486F21C111C8D00592980 /* main.m */; };
		142486FC1C111C8D00592980 /* Main.storyboard in Resources */ = {isa = PBXBuildFile; fileRef = 142486FA1C111C8D00592980 /* Main.storyboard */; };
		142486FE1C111C8D00592980 /* Assets.xcassets in Resources */ = {isa = PBXBuildFile; fileRef = 142486FD1C111C8D00592980 /* Assets.xcassets */; };
		142487011C111C8D00592980 /* LaunchScreen.storyboard in Resources */ = {isa = PBXBuildFile; fileRef = 142486FF1C111C8D00592980 /* LaunchScreen.storyboard */; };
		142487341C112A6A00592980 /* QLHomeViewController.m in Sources */ = {isa = PBXBuildFile; fileRef = 142487331C112A6A00592980 /* QLHomeViewController.m */; };
		142487401C112AA700592980 /* QLMineViewController.m in Sources */ = {isa = PBXBuildFile; fileRef = 1424873F1C112AA700592980 /* QLMineViewController.m */; };
		1424874C1C112BAB00592980 /* QLHomeModel.m in Sources */ = {isa = PBXBuildFile; fileRef = 1424874B1C112BAB00592980 /* QLHomeModel.m */; };
		1424874F1C112BBB00592980 /* QLHomeView.m in Sources */ = {isa = PBXBuildFile; fileRef = 1424874E1C112BBB00592980 /* QLHomeView.m */; };
		143D15C71C8D6BAD009F79B0 /* QLNavigationController.m in Sources */ = {isa = PBXBuildFile; fileRef = 143D15C61C8D6BAD009F79B0 /* QLNavigationController.m */; };
		14D702531C8D614C00EE8AA9 /* QLAppDelegate.m in Sources */ = {isa = PBXBuildFile; fileRef = 14D7024A1C8D614C00EE8AA9 /* QLAppDelegate.m */; };
		14D702541C8D614C00EE8AA9 /* QLCommonModel.m in Sources */ = {isa = PBXBuildFile; fileRef = 14D7024D1C8D614C00EE8AA9 /* QLCommonModel.m */; };
		14D702551C8D614C00EE8AA9 /* QLCommonView.m in Sources */ = {isa = PBXBuildFile; fileRef = 14D702501C8D614C00EE8AA9 /* QLCommonView.m */; };
		14D702561C8D614C00EE8AA9 /* QLMainViewController.m in Sources */ = {isa = PBXBuildFile; fileRef = 14D702521C8D614C00EE8AA9 /* QLMainViewController.m */; };
		14E81A4B1C9261C1004135A7 /* controllers.plist in Resources */ = {isa = PBXBuildFile; fileRef = 14E81A491C9261C1004135A7 /* controllers.plist */; };
/* End PBXBuildFile section */

/* Begin PBXFileReference section */
		142486EE1C111C8D00592980 /* QLProjectDemo.app */ = {isa = PBXFileReference; explicitFileType = wrapper.application; includeInIndex = 0; path = QLProjectDemo.app; sourceTree = BUILT_PRODUCTS_DIR; };
		142486F21C111C8D00592980 /* main.m */ = {isa = PBXFileReference; lastKnownFileType = sourcecode.c.objc; path = main.m; sourceTree = "<group>"; };
		142486FB1C111C8D00592980 /* Base */ = {isa = PBXFileReference; lastKnownFileType = file.storyboard; name = Base; path = Base.lproj/Main.storyboard; sourceTree = "<group>"; };
		142486FD1C111C8D00592980 /* Assets.xcassets */ = {isa = PBXFileReference; lastKnownFileType = folder.assetcatalog; path = Assets.xcassets; sourceTree = "<group>"; };
		142487001C111C8D00592980 /* Base */ = {isa = PBXFileReference; lastKnownFileType = file.storyboard; name = Base; path = Base.lproj/LaunchScreen.storyboard; sourceTree = "<group>"; };
		142487021C111C8D00592980 /* Info.plist */ = {isa = PBXFileReference; lastKnownFileType = text.plist.xml; path = Info.plist; sourceTree = "<group>"; };
		142487321C112A6A00592980 /* QLHomeViewController.h */ = {isa = PBXFileReference; fileEncoding = 4; lastKnownFileType = sourcecode.c.h; path = QLHomeViewController.h; sourceTree = "<group>"; };
		142487331C112A6A00592980 /* QLHomeViewController.m */ = {isa = PBXFileReference; fileEncoding = 4; lastKnownFileType = sourcecode.c.objc; path = QLHomeViewController.m; sourceTree = "<group>"; };
		1424873E1C112AA700592980 /* QLMineViewController.h */ = {isa = PBXFileReference; fileEncoding = 4; lastKnownFileType = sourcecode.c.h; path = QLMineViewController.h; sourceTree = "<group>"; };
		1424873F1C112AA700592980 /* QLMineViewController.m */ = {isa = PBXFileReference; fileEncoding = 4; lastKnownFileType = sourcecode.c.objc; path = QLMineViewController.m; sourceTree = "<group>"; };
		1424874A1C112BAB00592980 /* QLHomeModel.h */ = {isa = PBXFileReference; fileEncoding = 4; lastKnownFileType = sourcecode.c.h; path = QLHomeModel.h; sourceTree = "<group>"; };
		1424874B1C112BAB00592980 /* QLHomeModel.m */ = {isa = PBXFileReference; fileEncoding = 4; lastKnownFileType = sourcecode.c.objc; path = QLHomeModel.m; sourceTree = "<group>"; };
		1424874D1C112BBB00592980 /* QLHomeView.h */ = {isa = PBXFileReference; fileEncoding = 4; lastKnownFileType = sourcecode.c.h; path = QLHomeView.h; sourceTree = "<group>"; };
		1424874E1C112BBB00592980 /* QLHomeView.m */ = {isa = PBXFileReference; fileEncoding = 4; lastKnownFileType = sourcecode.c.objc; path = QLHomeView.m; sourceTree = "<group>"; };
		143D15C51C8D6BAD009F79B0 /* QLNavigationController.h */ = {isa = PBXFileReference; fileEncoding = 4; lastKnownFileType = sourcecode.c.h; path = QLNavigationController.h; sourceTree = "<group>"; };
		143D15C61C8D6BAD009F79B0 /* QLNavigationController.m */ = {isa = PBXFileReference; fileEncoding = 4; lastKnownFileType = sourcecode.c.objc; path = QLNavigationController.m; sourceTree = "<group>"; };
		14D702491C8D614C00EE8AA9 /* QLAppDelegate.h */ = {isa = PBXFileReference; fileEncoding = 4; lastKnownFileType = sourcecode.c.h; path = QLAppDelegate.h; sourceTree = "<group>"; };
		14D7024A1C8D614C00EE8AA9 /* QLAppDelegate.m */ = {isa = PBXFileReference; fileEncoding = 4; lastKnownFileType = sourcecode.c.objc; path = QLAppDelegate.m; sourceTree = "<group>"; };
		14D7024C1C8D614C00EE8AA9 /* QLCommonModel.h */ = {isa = PBXFileReference; fileEncoding = 4; lastKnownFileType = sourcecode.c.h; path = QLCommonModel.h; sourceTree = "<group>"; };
		14D7024D1C8D614C00EE8AA9 /* QLCommonModel.m */ = {isa = PBXFileReference; fileEncoding = 4; lastKnownFileType = sourcecode.c.objc; path = QLCommonModel.m; sourceTree = "<group>"; };
		14D7024F1C8D614C00EE8AA9 /* QLCommonView.h */ = {isa = PBXFileReference; fileEncoding = 4; lastKnownFileType = sourcecode.c.h; path = QLCommonView.h; sourceTree = "<group>"; };
		14D702501C8D614C00EE8AA9 /* QLCommonView.m */ = {isa = PBXFileReference; fileEncoding = 4; lastKnownFileType = sourcecode.c.objc; path = QLCommonView.m; sourceTree = "<group>"; };
		14D702511C8D614C00EE8AA9 /* QLMainViewController.h */ = {isa = PBXFileReference; fileEncoding = 4; lastKnownFileType = sourcecode.c.h; path = QLMainViewController.h; sourceTree = "<group>"; };
		14D702521C8D614C00EE8AA9 /* QLMainViewController.m */ = {isa = PBXFileReference; fileEncoding = 4; lastKnownFileType = sourcecode.c.objc; path = QLMainViewController.m; sourceTree = "<group>"; };
		14D702571C8D64ED00EE8AA9 /* QLProjectCfg.pch */ = {isa = PBXFileReference; lastKnownFileType = sourcecode.c.h; path = QLProjectCfg.pch; sourceTree = "<group>"; };
		14E81A491C9261C1004135A7 /* controllers.plist */ = {isa = PBXFileReference; fileEncoding = 4; lastKnownFileType = text.plist.xml; path = controllers.plist; sourceTree = "<group>"; };
/* End PBXFileReference section */

/* Begin PBXFrameworksBuildPhase section */
		142486EB1C111C8D00592980 /* Frameworks */ = {
			isa = PBXFrameworksBuildPhase;
			buildActionMask = 2147483647;
			files = (
			);
			runOnlyForDeploymentPostprocessing = 0;
		};
/* End PBXFrameworksBuildPhase section */

/* Begin PBXGroup section */
		142486E51C111C8D00592980 = {
			isa = PBXGroup;
			children = (
				142486F01C111C8D00592980 /* QLProjectDemo */,
				142486EF1C111C8D00592980 /* Products */,
			);
			sourceTree = "<group>";
		};
		142486EF1C111C8D00592980 /* Products */ = {
			isa = PBXGroup;
			children = (
				142486EE1C111C8D00592980 /* QLProjectDemo.app */,
			);
			name = Products;
			sourceTree = "<group>";
		};
		142486F01C111C8D00592980 /* QLProjectDemo */ = {
			isa = PBXGroup;
			children = (
				142487081C1121A200592980 /* QLClasses */,
				14E81A451C9261C1004135A7 /* QLResources */,
				142486F11C111C8D00592980 /* Supporting Files */,
			);
			path = QLProjectDemo;
			sourceTree = "<group>";
		};
		142486F11C111C8D00592980 /* Supporting Files */ = {
			isa = PBXGroup;
			children = (
				142486FA1C111C8D00592980 /* Main.storyboard */,
				142486FD1C111C8D00592980 /* Assets.xcassets */,
				142486FF1C111C8D00592980 /* LaunchScreen.storyboard */,
				142487021C111C8D00592980 /* Info.plist */,
				14D702571C8D64ED00EE8AA9 /* QLProjectCfg.pch */,
				142486F21C111C8D00592980 /* main.m */,
			);
			name = "Supporting Files";
			sourceTree = "<group>";
		};
		142487081C1121A200592980 /* QLClasses */ = {
			isa = PBXGroup;
			children = (
				14D702481C8D614C00EE8AA9 /* QLMain */,
				142487091C1121A200592980 /* QLItems */,
				1424870A1C1121A200592980 /* QLLibs */,
				1424870C1C1121A200592980 /* QLTools */,
				142487491C112B7500592980 /* QLCategories */,
			);
			path = QLClasses;
			sourceTree = "<group>";
		};
		142487091C1121A200592980 /* QLItems */ = {
			isa = PBXGroup;
			children = (
				1424870F1C11289900592980 /* ItemHome */,
				142487131C1128C700592980 /* ItemMine */,
			);
			path = QLItems;
			sourceTree = "<group>";
		};
		1424870A1C1121A200592980 /* QLLibs */ = {
			isa = PBXGroup;
			children = (
			);
			path = QLLibs;
			sourceTree = "<group>";
		};
		1424870C1C1121A200592980 /* QLTools */ = {
			isa = PBXGroup;
			children = (
			);
			path = QLTools;
			sourceTree = "<group>";
		};
		1424870F1C11289900592980 /* ItemHome */ = {
			isa = PBXGroup;
			children = (
				142487231C112A1F00592980 /* QLController */,
				142487241C112A1F00592980 /* QLModel */,
				142487251C112A1F00592980 /* QLView */,
			);
			path = ItemHome;
			sourceTree = "<group>";
		};
		142487131C1128C700592980 /* ItemMine */ = {
			isa = PBXGroup;
			children = (
				1424872F1C112A4800592980 /* QLController */,
				142487301C112A4800592980 /* QLModel */,
				142487311C112A4800592980 /* QLView */,
			);
			path = ItemMine;
			sourceTree = "<group>";
		};
		142487231C112A1F00592980 /* QLController */ = {
			isa = PBXGroup;
			children = (
				142487321C112A6A00592980 /* QLHomeViewController.h */,
				142487331C112A6A00592980 /* QLHomeViewController.m */,
			);
			path = QLController;
			sourceTree = "<group>";
		};
		142487241C112A1F00592980 /* QLModel */ = {
			isa = PBXGroup;
			children = (
				1424874A1C112BAB00592980 /* QLHomeModel.h */,
				1424874B1C112BAB00592980 /* QLHomeModel.m */,
			);
			path = QLModel;
			sourceTree = "<group>";
		};
		142487251C112A1F00592980 /* QLView */ = {
			isa = PBXGroup;
			children = (
				1424874D1C112BBB00592980 /* QLHomeView.h */,
				1424874E1C112BBB00592980 /* QLHomeView.m */,
			);
			path = QLView;
			sourceTree = "<group>";
		};
		1424872F1C112A4800592980 /* QLController */ = {
			isa = PBXGroup;
			children = (
				1424873E1C112AA700592980 /* QLMineViewController.h */,
				1424873F1C112AA700592980 /* QLMineViewController.m */,
			);
			path = QLController;
			sourceTree = "<group>";
		};
		142487301C112A4800592980 /* QLModel */ = {
			isa = PBXGroup;
			children = (
			);
			path = QLModel;
			sourceTree = "<group>";
		};
		142487311C112A4800592980 /* QLView */ = {
			isa = PBXGroup;
			children = (
			);
			path = QLView;
			sourceTree = "<group>";
		};
		142487491C112B7500592980 /* QLCategories */ = {
			isa = PBXGroup;
			children = (
			);
			path = QLCategories;
			sourceTree = "<group>";
		};
		14D702481C8D614C00EE8AA9 /* QLMain */ = {
			isa = PBXGroup;
			children = (
				14D702491C8D614C00EE8AA9 /* QLAppDelegate.h */,
				14D7024A1C8D614C00EE8AA9 /* QLAppDelegate.m */,
				14D702511C8D614C00EE8AA9 /* QLMainViewController.h */,
				14D702521C8D614C00EE8AA9 /* QLMainViewController.m */,
				143D15C51C8D6BAD009F79B0 /* QLNavigationController.h */,
				143D15C61C8D6BAD009F79B0 /* QLNavigationController.m */,
				14D7024B1C8D614C00EE8AA9 /* QLCommonModel */,
				14D7024E1C8D614C00EE8AA9 /* QLCommonView */,
			);
			path = QLMain;
			sourceTree = "<group>";
		};
		14D7024B1C8D614C00EE8AA9 /* QLCommonModel */ = {
			isa = PBXGroup;
			children = (
				14D7024C1C8D614C00EE8AA9 /* QLCommonModel.h */,
				14D7024D1C8D614C00EE8AA9 /* QLCommonModel.m */,
			);
			path = QLCommonModel;
			sourceTree = "<group>";
		};
		14D7024E1C8D614C00EE8AA9 /* QLCommonView */ = {
			isa = PBXGroup;
			children = (
				14D7024F1C8D614C00EE8AA9 /* QLCommonView.h */,
				14D702501C8D614C00EE8AA9 /* QLCommonView.m */,
			);
			path = QLCommonView;
			sourceTree = "<group>";
		};
		14E81A451C9261C1004135A7 /* QLResources */ = {
			isa = PBXGroup;
			children = (
				14E81A461C9261C1004135A7 /* QLAudios */,
				14E81A471C9261C1004135A7 /* QLImages */,
				14E81A481C9261C1004135A7 /* QLPlists */,
				14E81A4A1C9261C1004135A7 /* QLVedios */,
			);
			path = QLResources;
			sourceTree = "<group>";
		};
		14E81A461C9261C1004135A7 /* QLAudios */ = {
			isa = PBXGroup;
			children = (
			);
			path = QLAudios;
			sourceTree = "<group>";
		};
		14E81A471C9261C1004135A7 /* QLImages */ = {
			isa = PBXGroup;
			children = (
			);
			path = QLImages;
			sourceTree = "<group>";
		};
		14E81A481C9261C1004135A7 /* QLPlists */ = {
			isa = PBXGroup;
			children = (
				14E81A491C9261C1004135A7 /* controllers.plist */,
			);
			path = QLPlists;
			sourceTree = "<group>";
		};
		14E81A4A1C9261C1004135A7 /* QLVedios */ = {
			isa = PBXGroup;
			children = (
			);
			path = QLVedios;
			sourceTree = "<group>";
		};
/* End PBXGroup section */

/* Begin PBXNativeTarget section */
		142486ED1C111C8D00592980 /* QLProjectDemo */ = {
			isa = PBXNativeTarget;
			buildConfigurationList = 142487051C111C8D00592980 /* Build configuration list for PBXNativeTarget "QLProjectDemo" */;
			buildPhases = (
				142486EA1C111C8D00592980 /* Sources */,
				142486EB1C111C8D00592980 /* Frameworks */,
				142486EC1C111C8D00592980 /* Resources */,
			);
			buildRules = (
			);
			dependencies = (
			);
			name = QLProjectDemo;
			productName = QLProjectDemo;
			productReference = 142486EE1C111C8D00592980 /* QLProjectDemo.app */;
			productType = "com.apple.product-type.application";
		};
/* End PBXNativeTarget section */

/* Begin PBXProject section */
		142486E61C111C8D00592980 /* Project object */ = {
			isa = PBXProject;
			attributes = {
				CLASSPREFIX = QL;
				LastUpgradeCheck = 0710;
				ORGANIZATIONNAME = Shreker;
				TargetAttributes = {
					142486ED1C111C8D00592980 = {
						CreatedOnToolsVersion = 7.1.1;
					};
				};
			};
			buildConfigurationList = 142486E91C111C8D00592980 /* Build configuration list for PBXProject "QLProjectDemo" */;
			compatibilityVersion = "Xcode 3.2";
			developmentRegion = English;
			hasScannedForEncodings = 0;
			knownRegions = (
				en,
				Base,
			);
			mainGroup = 142486E51C111C8D00592980;
			productRefGroup = 142486EF1C111C8D00592980 /* Products */;
			projectDirPath = "";
			projectRoot = "";
			targets = (
				142486ED1C111C8D00592980 /* QLProjectDemo */,
			);
		};
/* End PBXProject section */

/* Begin PBXResourcesBuildPhase section */
		142486EC1C111C8D00592980 /* Resources */ = {
			isa = PBXResourcesBuildPhase;
			buildActionMask = 2147483647;
			files = (
				142487011C111C8D00592980 /* LaunchScreen.storyboard in Resources */,
				142486FE1C111C8D00592980 /* Assets.xcassets in Resources */,
				14E81A4B1C9261C1004135A7 /* controllers.plist in Resources */,
				142486FC1C111C8D00592980 /* Main.storyboard in Resources */,
			);
			runOnlyForDeploymentPostprocessing = 0;
		};
/* End PBXResourcesBuildPhase section */

/* Begin PBXSourcesBuildPhase section */
		142486EA1C111C8D00592980 /* Sources */ = {
			isa = PBXSourcesBuildPhase;
			buildActionMask = 2147483647;
			files = (
				1424874C1C112BAB00592980 /* QLHomeModel.m in Sources */,
				14D702551C8D614C00EE8AA9 /* QLCommonView.m in Sources */,
				14D702531C8D614C00EE8AA9 /* QLAppDelegate.m in Sources */,
				14D702541C8D614C00EE8AA9 /* QLCommonModel.m in Sources */,
				1424874F1C112BBB00592980 /* QLHomeView.m in Sources */,
				14D702561C8D614C00EE8AA9 /* QLMainViewController.m in Sources */,
				142487341C112A6A00592980 /* QLHomeViewController.m in Sources */,
				142486F31C111C8D00592980 /* main.m in Sources */,
				143D15C71C8D6BAD009F79B0 /* QLNavigationController.m in Sources */,
				142487401C112AA700592980 /* QLMineViewController.m in Sources */,
			);
			runOnlyForDeploymentPostprocessing = 0;
		};
/* End PBXSourcesBuildPhase section */

/* Begin PBXVariantGroup section */
		142486FA1C111C8D00592980 /* Main.storyboard */ = {
			isa = PBXVariantGroup;
			children = (
				142486FB1C111C8D00592980 /* Base */,
			);
			name = Main.storyboard;
			sourceTree = "<group>";
		};
		142486FF1C111C8D00592980 /* LaunchScreen.storyboard */ = {
			isa = PBXVariantGroup;
			children = (
				142487001C111C8D00592980 /* Base */,
			);
			name = LaunchScreen.storyboard;
			sourceTree = "<group>";
		};
/* End PBXVariantGroup section */

/* Begin XCBuildConfiguration section */
		142487031C111C8D00592980 /* Debug */ = {
			isa = XCBuildConfiguration;
			buildSettings = {
				ALWAYS_SEARCH_USER_PATHS = NO;
				CLANG_CXX_LANGUAGE_STANDARD = "gnu++0x";
				CLANG_CXX_LIBRARY = "libc++";
				CLANG_ENABLE_MODULES = YES;
				CLANG_ENABLE_OBJC_ARC = YES;
				CLANG_WARN_BOOL_CONVERSION = YES;
				CLANG_WARN_CONSTANT_CONVERSION = YES;
				CLANG_WARN_DIRECT_OBJC_ISA_USAGE = YES_ERROR;
				CLANG_WARN_EMPTY_BODY = YES;
				CLANG_WARN_ENUM_CONVERSION = YES;
				CLANG_WARN_INT_CONVERSION = YES;
				CLANG_WARN_OBJC_ROOT_CLASS = YES_ERROR;
				CLANG_WARN_UNREACHABLE_CODE = YES;
				CLANG_WARN__DUPLICATE_METHOD_MATCH = YES;
				"CODE_SIGN_IDENTITY[sdk=iphoneos*]" = "iPhone Developer";
				COPY_PHASE_STRIP = NO;
				DEBUG_INFORMATION_FORMAT = dwarf;
				ENABLE_STRICT_OBJC_MSGSEND = YES;
				ENABLE_TESTABILITY = YES;
				GCC_C_LANGUAGE_STANDARD = gnu99;
				GCC_DYNAMIC_NO_PIC = NO;
				GCC_NO_COMMON_BLOCKS = YES;
				GCC_OPTIMIZATION_LEVEL = 0;
				GCC_PREPROCESSOR_DEFINITIONS = (
					"DEBUG=1",
					"$(inherited)",
				);
				GCC_WARN_64_TO_32_BIT_CONVERSION = YES;
				GCC_WARN_ABOUT_RETURN_TYPE = YES_ERROR;
				GCC_WARN_UNDECLARED_SELECTOR = YES;
				GCC_WARN_UNINITIALIZED_AUTOS = YES_AGGRESSIVE;
				GCC_WARN_UNUSED_FUNCTION = YES;
				GCC_WARN_UNUSED_VARIABLE = YES;
				IPHONEOS_DEPLOYMENT_TARGET = 7.0;
				MTL_ENABLE_DEBUG_INFO = YES;
				ONLY_ACTIVE_ARCH = YES;
				SDKROOT = iphoneos;
				TARGETED_DEVICE_FAMILY = "1,2";
			};
			name = Debug;
		};
		142487041C111C8D00592980 /* Release */ = {
			isa = XCBuildConfiguration;
			buildSettings = {
				ALWAYS_SEARCH_USER_PATHS = NO;
				CLANG_CXX_LANGUAGE_STANDARD = "gnu++0x";
				CLANG_CXX_LIBRARY = "libc++";
				CLANG_ENABLE_MODULES = YES;
				CLANG_ENABLE_OBJC_ARC = YES;
				CLANG_WARN_BOOL_CONVERSION = YES;
				CLANG_WARN_CONSTANT_CONVERSION = YES;
				CLANG_WARN_DIRECT_OBJC_ISA_USAGE = YES_ERROR;
				CLANG_WARN_EMPTY_BODY = YES;
				CLANG_WARN_ENUM_CONVERSION = YES;
				CLANG_WARN_INT_CONVERSION = YES;
				CLANG_WARN_OBJC_ROOT_CLASS = YES_ERROR;
				CLANG_WARN_UNREACHABLE_CODE = YES;
				CLANG_WARN__DUPLICATE_METHOD_MATCH = YES;
				"CODE_SIGN_IDENTITY[sdk=iphoneos*]" = "iPhone Developer";
				COPY_PHASE_STRIP = NO;
				DEBUG_INFORMATION_FORMAT = "dwarf-with-dsym";
				ENABLE_NS_ASSERTIONS = NO;
				ENABLE_STRICT_OBJC_MSGSEND = YES;
				GCC_C_LANGUAGE_STANDARD = gnu99;
				GCC_NO_COMMON_BLOCKS = YES;
				GCC_WARN_64_TO_32_BIT_CONVERSION = YES;
				GCC_WARN_ABOUT_RETURN_TYPE = YES_ERROR;
				GCC_WARN_UNDECLARED_SELECTOR = YES;
				GCC_WARN_UNINITIALIZED_AUTOS = YES_AGGRESSIVE;
				GCC_WARN_UNUSED_FUNCTION = YES;
				GCC_WARN_UNUSED_VARIABLE = YES;
				IPHONEOS_DEPLOYMENT_TARGET = 7.0;
				MTL_ENABLE_DEBUG_INFO = NO;
				SDKROOT = iphoneos;
				TARGETED_DEVICE_FAMILY = "1,2";
				VALIDATE_PRODUCT = YES;
			};
			name = Release;
		};
		142487061C111C8D00592980 /* Debug */ = {
			isa = XCBuildConfiguration;
			buildSettings = {
				ASSETCATALOG_COMPILER_APPICON_NAME = AppIcon;
				ASSETCATALOG_COMPILER_LAUNCHIMAGE_NAME = "Brand Assets";
				CODE_SIGN_IDENTITY = "iPhone Developer";
				GCC_PRECOMPILE_PREFIX_HEADER = YES;
				GCC_PREFIX_HEADER = "$(TARGET_NAME)/QLProjectCfg.pch";
				INFOPLIST_FILE = "$(TARGET_NAME)/Info.plist";
				LD_RUNPATH_SEARCH_PATHS = "$(inherited) @executable_path/Frameworks";
				PRODUCT_BUNDLE_IDENTIFIER = "com.Shreker.$(TARGET_NAME)";
				PRODUCT_NAME = "$(TARGET_NAME)";
				TARGETED_DEVICE_FAMILY = 1;
			};
			name = Debug;
		};
		142487071C111C8D00592980 /* Release */ = {
			isa = XCBuildConfiguration;
			buildSettings = {
				ASSETCATALOG_COMPILER_APPICON_NAME = AppIcon;
				ASSETCATALOG_COMPILER_LAUNCHIMAGE_NAME = "Brand Assets";
				CODE_SIGN_IDENTITY = "iPhone Developer";
				GCC_PRECOMPILE_PREFIX_HEADER = YES;
				GCC_PREFIX_HEADER = "$(TARGET_NAME)/QLProjectCfg.pch";
				INFOPLIST_FILE = "$(TARGET_NAME)/Info.plist";
				LD_RUNPATH_SEARCH_PATHS = "$(inherited) @executable_path/Frameworks";
				PRODUCT_BUNDLE_IDENTIFIER = "com.Shreker.$(TARGET_NAME)";
				PRODUCT_NAME = "$(TARGET_NAME)";
				TARGETED_DEVICE_FAMILY = 1;
			};
			name = Release;
		};
/* End XCBuildConfiguration section */

/* Begin XCConfigurationList section */
		142486E91C111C8D00592980 /* Build configuration list for PBXProject "QLProjectDemo" */ = {
			isa = XCConfigurationList;
			buildConfigurations = (
				142487031C111C8D00592980 /* Debug */,
				142487041C111C8D00592980 /* Release */,
			);
			defaultConfigurationIsVisible = 0;
			defaultConfigurationName = Release;
		};
		142487051C111C8D00592980 /* Build configuration list for PBXNativeTarget "QLProjectDemo" */ = {
			isa = XCConfigurationList;
			buildConfigurations = (
				142487061C111C8D00592980 /* Debug */,
				142487071C111C8D00592980 /* Release */,
			);
			defaultConfigurationIsVisible = 0;
			defaultConfigurationName = Release;
		};
/* End XCConfigurationList section */
	};
	rootObject = 142486E61C111C8D00592980 /* Project object */;
}
